
Microsoft Visual Studio Solution File, Format Version 12.00
# Visual Studio Version 16
VisualStudioVersion = 16.0.30225.117
MinimumVisualStudioVersion = 10.0.40219.1
Project("{FAE04EC0-301F-11D3-BF4B-00C04F79EFBC}") = "WindowsFormsApp1", "WindowsFormsApp1\WindowsFormsApp1.csproj", "{9E9777B3-2797-487B-8FBD-AAF4CD2293A4}"
EndProject
Global
	GlobalSection(SolutionConfigurationPlatforms) = preSolution
		Debug|Any CPU = Debug|Any CPU
		Release|Any CPU = Release|Any CPU
	EndGlobalSection
	GlobalSection(ProjectConfigurationPlatforms) = postSolution
		{9E9777B3-2797-487B-8FBD-AAF4CD2293A4}.Debug|Any CPU.ActiveCfg = Debug|Any CPU
		{9E9777B3-2797-487B-8FBD-AAF4CD2293A4}.Debug|Any CPU.Build.0 = Debug|Any CPU
		{9E9777B3-2797-487B-8FBD-AAF4CD2293A4}.Release|Any CPU.ActiveCfg = Release|Any CPU
		{9E9777B3-2797-487B-8FBD-AAF4CD2293A4}.Release|Any CPU.Build.0 = Release|Any CPU
	EndGlobalSection
	GlobalSection(SolutionProperties) = preSolution
		HideSolutionNode = FALSE
	EndGlobalSection
	GlobalSection(ExtensibilityGlobals) = postSolution
		SolutionGuid = {5901A58F-422F-4494-B6A9-B13CA450396B}
	EndGlobalSection
EndGlobal
